
Microsoft Visual Studio Solution File, Format Version 12.00
# Visual Studio Version 16
VisualStudioVersion = 16.0.30804.86
MinimumVisualStudioVersion = 10.0.40219.1
Project("{9A19103F-16F7-4668-BE54-9A1E7A4F7556}") = "NgelakShop", "NgelakShop\NgelakShop.csproj", "{92676C83-7079-423C-9603-B74E6A5E80FC}"
EndProject
Global
	GlobalSection(SolutionConfigurationPlatforms) = preSolution
		Debug|Any CPU = Debug|Any CPU
		Release|Any CPU = Release|Any CPU
	EndGlobalSection
	GlobalSection(ProjectConfigurationPlatforms) = postSolution
		{92676C83-7079-423C-9603-B74E6A5E80FC}.Debug|Any CPU.ActiveCfg = Debug|Any CPU
		{92676C83-7079-423C-9603-B74E6A5E80FC}.Debug|Any CPU.Build.0 = Debug|Any CPU
		{92676C83-7079-423C-9603-B74E6A5E80FC}.Release|Any CPU.ActiveCfg = Release|Any CPU
		{92676C83-7079-423C-9603-B74E6A5E80FC}.Release|Any CPU.Build.0 = Release|Any CPU
	EndGlobalSection
	GlobalSection(SolutionProperties) = preSolution
		HideSolutionNode = FALSE
	EndGlobalSection
	GlobalSection(ExtensibilityGlobals) = postSolution
		SolutionGuid = {B97DD606-FDA2-430B-97D7-E4892BB79531}
	EndGlobalSection
EndGlobal
